
Microsoft Visual Studio Solution File, Format Version 12.00
# Visual Studio 15
VisualStudioVersion = 15.0.27004.2002
MinimumVisualStudioVersion = 10.0.40219.1
Project("{FAE04EC0-301F-11D3-BF4B-00C04F79EFBC}") = "Linlin-Han_Lab04_Ex1", "Linlin-Han_Lab04_Ex1\Linlin-Han_Lab04_Ex1.csproj", "{C719011A-7A63-4DEF-9054-41F91EB30DDA}"
EndProject
Global
	GlobalSection(SolutionConfigurationPlatforms) = preSolution
		Debug|Any CPU = Debug|Any CPU
		Release|Any CPU = Release|Any CPU
	EndGlobalSection
	GlobalSection(ProjectConfigurationPlatforms) = postSolution
		{C719011A-7A63-4DEF-9054-41F91EB30DDA}.Debug|Any CPU.ActiveCfg = Debug|Any CPU
		{C719011A-7A63-4DEF-9054-41F91EB30DDA}.Debug|Any CPU.Build.0 = Debug|Any CPU
		{C719011A-7A63-4DEF-9054-41F91EB30DDA}.Release|Any CPU.ActiveCfg = Release|Any CPU
		{C719011A-7A63-4DEF-9054-41F91EB30DDA}.Release|Any CPU.Build.0 = Release|Any CPU
	EndGlobalSection
	GlobalSection(SolutionProperties) = preSolution
		HideSolutionNode = FALSE
	EndGlobalSection
	GlobalSection(ExtensibilityGlobals) = postSolution
		SolutionGuid = {4F2F97C2-C7E0-4671-B02C-455F999017EF}
	EndGlobalSection
EndGlobal
